{
  "nodes": {
    "flake-parts": {
      "inputs": {
        "nixpkgs-lib": "nixpkgs-lib"
      },
      "locked": {
        "lastModified": 1709336216,
        "narHash": "sha256-Dt/wOWeW6Sqm11Yh+2+t0dfEWxoMxGBvv3JpIocFl9E=",
        "owner": "hercules-ci",
        "repo": "flake-parts",
        "rev": "f7b3c975cf067e56e7cda6cb098ebe3fb4d74ca2",
        "type": "github"
      },
      "original": {
        "owner": "hercules-ci",
        "repo": "flake-parts",
        "type": "github"
      }
    },
    "flake-root": {
      "locked": {
        "lastModified": 1692742795,
        "narHash": "sha256-f+Y0YhVCIJ06LemO+3Xx00lIcqQxSKJHXT/yk1RTKxw=",
        "owner": "srid",
        "repo": "flake-root",
        "rev": "d9a70d9c7a5fd7f3258ccf48da9335e9b47c3937",
        "type": "github"
      },
      "original": {
        "owner": "srid",
        "repo": "flake-root",
        "type": "github"
      }
    },
    "nixpkgs": {
      "locked": {
        "lastModified": 1711001935,
        "narHash": "sha256-URtGpHue7HHZK0mrHnSf8wJ6OmMKYSsoLmJybrOLFSQ=",
        "owner": "NixOS",
        "repo": "nixpkgs",
        "rev": "20f77aa09916374aa3141cbc605c955626762c9a",
        "type": "github"
      },
      "original": {
        "owner": "NixOS",
        "ref": "nixos-unstable",
        "repo": "nixpkgs",
        "type": "github"
      }
    },
    "nixpkgs-lib": {
      "locked": {
        "dir": "lib",
        "lastModified": 1709237383,
        "narHash": "sha256-cy6ArO4k5qTx+l5o+0mL9f5fa86tYUX3ozE1S+Txlds=",
        "owner": "NixOS",
        "repo": "nixpkgs",
        "rev": "1536926ef5621b09bba54035ae2bb6d806d72ac8",
        "type": "github"
      },
      "original": {
        "dir": "lib",
        "owner": "NixOS",
        "ref": "nixos-unstable",
        "repo": "nixpkgs",
        "type": "github"
      }
    },
    "nixpkgs-old": {
      "locked": {
        "lastModified": 1601788249,
        "narHash": "sha256-B0a0PZsw8hGjd2KH9LMIvPbERVI6GOkETCASBY3j3Gs=",
        "owner": "NixOS",
        "repo": "nixpkgs",
        "rev": "fa6cdb63ab06a47c793510748470309b87ad2010",
        "type": "github"
      },
      "original": {
        "owner": "NixOS",
        "repo": "nixpkgs",
        "rev": "fa6cdb63ab06a47c793510748470309b87ad2010",
        "type": "github"
      }
    },
    "nixpkgs_2": {
      "locked": {
        "lastModified": 1708475490,
        "narHash": "sha256-g1v0TsWBQPX97ziznfJdWhgMyMGtoBFs102xSYO4syU=",
        "owner": "nixos",
        "repo": "nixpkgs",
        "rev": "0e74ca98a74bc7270d28838369593635a5db3260",
        "type": "github"
      },
      "original": {
        "owner": "nixos",
        "ref": "nixos-unstable",
        "repo": "nixpkgs",
        "type": "github"
      }
    },
    "root": {
      "inputs": {
        "flake-parts": "flake-parts",
        "flake-root": "flake-root",
        "nixpkgs": "nixpkgs",
        "nixpkgs-old": "nixpkgs-old",
        "treefmt-nix": "treefmt-nix"
      }
    },
    "treefmt-nix": {
      "inputs": {
        "nixpkgs": "nixpkgs_2"
      },
      "locked": {
        "lastModified": 1710781103,
        "narHash": "sha256-nehQK/XTFxfa6rYKtbi8M1w+IU1v5twYhiyA4dg1vpg=",
        "owner": "numtide",
        "repo": "treefmt-nix",
        "rev": "7ee5aaac63c30d3c97a8c56efe89f3b2aa9ae564",
        "type": "github"
      },
      "original": {
        "owner": "numtide",
        "repo": "treefmt-nix",
        "type": "github"
      }
    }
  },
  "root": "root",
  "version": 7
}
